
Microsoft Visual Studio Solution File, Format Version 12.00
# Visual Studio 15
VisualStudioVersion = 15.0.28307.1300
MinimumVisualStudioVersion = 10.0.40219.1
Project("{F14B399A-7131-4C87-9E4B-1186C45EF12D}") = "PhillipsSSRS", "PhillipsSSRS\PhillipsSSRS.rptproj", "{BD2ACDF0-EF87-4358-A9CA-2A6D0ACC7CA9}"
EndProject
Global
	GlobalSection(SolutionConfigurationPlatforms) = preSolution
		Debug|Default = Debug|Default
		DebugLocal|Default = DebugLocal|Default
		Release|Default = Release|Default
	EndGlobalSection
	GlobalSection(ProjectConfigurationPlatforms) = postSolution
		{BD2ACDF0-EF87-4358-A9CA-2A6D0ACC7CA9}.Debug|Default.ActiveCfg = Debug
		{BD2ACDF0-EF87-4358-A9CA-2A6D0ACC7CA9}.Debug|Default.Build.0 = Debug
		{BD2ACDF0-EF87-4358-A9CA-2A6D0ACC7CA9}.Debug|Default.Deploy.0 = Debug
		{BD2ACDF0-EF87-4358-A9CA-2A6D0ACC7CA9}.DebugLocal|Default.ActiveCfg = DebugLocal
		{BD2ACDF0-EF87-4358-A9CA-2A6D0ACC7CA9}.DebugLocal|Default.Build.0 = DebugLocal
		{BD2ACDF0-EF87-4358-A9CA-2A6D0ACC7CA9}.Release|Default.ActiveCfg = Release
		{BD2ACDF0-EF87-4358-A9CA-2A6D0ACC7CA9}.Release|Default.Build.0 = Release
		{BD2ACDF0-EF87-4358-A9CA-2A6D0ACC7CA9}.Release|Default.Deploy.0 = Release
	EndGlobalSection
	GlobalSection(SolutionProperties) = preSolution
		HideSolutionNode = FALSE
	EndGlobalSection
	GlobalSection(ExtensibilityGlobals) = postSolution
		SolutionGuid = {D308157A-AACC-4EE2-AAC3-DE733767E9F2}
	EndGlobalSection
EndGlobal
