
Microsoft Visual Studio Solution File, Format Version 12.00
# Visual Studio 15
VisualStudioVersion = 15.0.28307.1300
MinimumVisualStudioVersion = 10.0.40219.1
Project("{F14B399A-7131-4C87-9E4B-1186C45EF12D}") = "SSRS", "SSRS\SSRS.rptproj", "{A88DCCE7-E94C-4E6E-952A-7CE862C0770F}"
EndProject
Global
	GlobalSection(SolutionConfigurationPlatforms) = preSolution
		Debug|Default = Debug|Default
		DebugLocal|Default = DebugLocal|Default
		Release|Default = Release|Default
	EndGlobalSection
	GlobalSection(ProjectConfigurationPlatforms) = postSolution
		{A88DCCE7-E94C-4E6E-952A-7CE862C0770F}.Debug|Default.ActiveCfg = Debug
		{A88DCCE7-E94C-4E6E-952A-7CE862C0770F}.Debug|Default.Build.0 = Debug
		{A88DCCE7-E94C-4E6E-952A-7CE862C0770F}.Debug|Default.Deploy.0 = Debug
		{A88DCCE7-E94C-4E6E-952A-7CE862C0770F}.DebugLocal|Default.ActiveCfg = DebugLocal
		{A88DCCE7-E94C-4E6E-952A-7CE862C0770F}.DebugLocal|Default.Build.0 = DebugLocal
		{A88DCCE7-E94C-4E6E-952A-7CE862C0770F}.Release|Default.ActiveCfg = Release
		{A88DCCE7-E94C-4E6E-952A-7CE862C0770F}.Release|Default.Build.0 = Release
		{A88DCCE7-E94C-4E6E-952A-7CE862C0770F}.Release|Default.Deploy.0 = Release
	EndGlobalSection
	GlobalSection(SolutionProperties) = preSolution
		HideSolutionNode = FALSE
	EndGlobalSection
	GlobalSection(ExtensibilityGlobals) = postSolution
		SolutionGuid = {E338568A-3C2D-43B2-BF22-7CF998475E19}
	EndGlobalSection
EndGlobal
